// !$*UTF8*$!
{
	archiveVersion = 1;
	classes = {
	};
	objectVersion = 56;
	objects = {

/* Begin PBXBuildFile section */
		DE7B20002C81BF8D00290179 /* SupplierListView.swift in Sources */ = {isa = PBXBuildFile; fileRef = DE7B1FFF2C81BF8D00290179 /* SupplierListView.swift */; };
		DE7B20022C81BFB000290179 /* Supplier.swift in Sources */ = {isa = PBXBuildFile; fileRef = DE7B20012C81BFB000290179 /* Supplier.swift */; };
		DE7B20052C81C03100290179 /* Product.swift in Sources */ = {isa = PBXBuildFile; fileRef = DE7B20042C81C03100290179 /* Product.swift */; };
		DE7B20072C81CDB700290179 /* AddSupplierModal.swift in Sources */ = {isa = PBXBuildFile; fileRef = DE7B20062C81CDB700290179 /* AddSupplierModal.swift */; };
		DE7B200C2C81E01100290179 /* ProductListView.swift in Sources */ = {isa = PBXBuildFile; fileRef = DE7B200B2C81E01100290179 /* ProductListView.swift */; };
		DE7B200E2C81E10C00290179 /* AddProductModal.swift in Sources */ = {isa = PBXBuildFile; fileRef = DE7B200D2C81E10C00290179 /* AddProductModal.swift */; };
		DE7B20102C8224BA00290179 /* ProductCardComponent.swift in Sources */ = {isa = PBXBuildFile; fileRef = DE7B200F2C8224BA00290179 /* ProductCardComponent.swift */; };
		DE7B20132C84BCBF00290179 /* PointOfSaleView.swift in Sources */ = {isa = PBXBuildFile; fileRef = DE7B20122C84BCBF00290179 /* PointOfSaleView.swift */; };
		DE7B20152C84BEE000290179 /* ToolbarComponent.swift in Sources */ = {isa = PBXBuildFile; fileRef = DE7B20142C84BEE000290179 /* ToolbarComponent.swift */; };
		DE7B20172C8546EF00290179 /* MenuCardComponent.swift in Sources */ = {isa = PBXBuildFile; fileRef = DE7B20162C8546EF00290179 /* MenuCardComponent.swift */; };
		DE7B20192C8594E900290179 /* MenuListView.swift in Sources */ = {isa = PBXBuildFile; fileRef = DE7B20182C8594E900290179 /* MenuListView.swift */; };
		DE7B201B2C85F47100290179 /* OrderItemsComponent.swift in Sources */ = {isa = PBXBuildFile; fileRef = DE7B201A2C85F47100290179 /* OrderItemsComponent.swift */; };
		DE7B201D2C85F66C00290179 /* OrderItem.swift in Sources */ = {isa = PBXBuildFile; fileRef = DE7B201C2C85F66C00290179 /* OrderItem.swift */; };
		DE7B201F2C85F67E00290179 /* Order.swift in Sources */ = {isa = PBXBuildFile; fileRef = DE7B201E2C85F67E00290179 /* Order.swift */; };
		DE7B20212C85F9B500290179 /* CurrentOrderView.swift in Sources */ = {isa = PBXBuildFile; fileRef = DE7B20202C85F9B500290179 /* CurrentOrderView.swift */; };
		DE7B20232C869A4C00290179 /* Transaction.swift in Sources */ = {isa = PBXBuildFile; fileRef = DE7B20222C869A4C00290179 /* Transaction.swift */; };
		DE7B20262C869D0300290179 /* TransactionHistoryView.swift in Sources */ = {isa = PBXBuildFile; fileRef = DE7B20252C869D0300290179 /* TransactionHistoryView.swift */; };
		DE7B20282C86EB3300290179 /* PersistentOrder.swift in Sources */ = {isa = PBXBuildFile; fileRef = DE7B20272C86EB3300290179 /* PersistentOrder.swift */; };
		DE7B202A2C86EB7200290179 /* PersistentOrderItem.swift in Sources */ = {isa = PBXBuildFile; fileRef = DE7B20292C86EB7200290179 /* PersistentOrderItem.swift */; };
		DE7B202D2C86EBD300290179 /* Order + PersistentData.swift in Sources */ = {isa = PBXBuildFile; fileRef = DE7B202C2C86EBD300290179 /* Order + PersistentData.swift */; };
		DE7B20302C8756BB00290179 /* AnalyticsView.swift in Sources */ = {isa = PBXBuildFile; fileRef = DE7B202F2C8756BB00290179 /* AnalyticsView.swift */; };
		DE7B20322C87EA1900290179 /* Wallet.swift in Sources */ = {isa = PBXBuildFile; fileRef = DE7B20312C87EA1900290179 /* Wallet.swift */; };
		DE7B20342C883EA100290179 /* CashFlow.swift in Sources */ = {isa = PBXBuildFile; fileRef = DE7B20332C883EA100290179 /* CashFlow.swift */; };
		DE7B20362C89DEE400290179 /* Seeder.swift in Sources */ = {isa = PBXBuildFile; fileRef = DE7B20352C89DEE400290179 /* Seeder.swift */; };
		DE7B20382C89E01900290179 /* Formatter.swift in Sources */ = {isa = PBXBuildFile; fileRef = DE7B20372C89E01900290179 /* Formatter.swift */; };
		DEB5C1332C81AB410096C8E7 /* ContinuityPointOfSaleApp.swift in Sources */ = {isa = PBXBuildFile; fileRef = DEB5C1322C81AB410096C8E7 /* ContinuityPointOfSaleApp.swift */; };
		DEB5C1352C81AB410096C8E7 /* ContentView.swift in Sources */ = {isa = PBXBuildFile; fileRef = DEB5C1342C81AB410096C8E7 /* ContentView.swift */; };
		DEB5C1372C81AB410096C8E7 /* Item.swift in Sources */ = {isa = PBXBuildFile; fileRef = DEB5C1362C81AB410096C8E7 /* Item.swift */; };
		DEB5C1392C81AB430096C8E7 /* Assets.xcassets in Resources */ = {isa = PBXBuildFile; fileRef = DEB5C1382C81AB430096C8E7 /* Assets.xcassets */; };
		DEB5C13C2C81AB430096C8E7 /* Preview Assets.xcassets in Resources */ = {isa = PBXBuildFile; fileRef = DEB5C13B2C81AB430096C8E7 /* Preview Assets.xcassets */; };
		DEB5C1432C81AD340096C8E7 /* Router.swift in Sources */ = {isa = PBXBuildFile; fileRef = DEB5C1422C81AD340096C8E7 /* Router.swift */; };
/* End PBXBuildFile section */

/* Begin PBXFileReference section */
		DE7B1FFF2C81BF8D00290179 /* SupplierListView.swift */ = {isa = PBXFileReference; lastKnownFileType = sourcecode.swift; path = SupplierListView.swift; sourceTree = "<group>"; };
		DE7B20012C81BFB000290179 /* Supplier.swift */ = {isa = PBXFileReference; lastKnownFileType = sourcecode.swift; path = Supplier.swift; sourceTree = "<group>"; };
		DE7B20042C81C03100290179 /* Product.swift */ = {isa = PBXFileReference; lastKnownFileType = sourcecode.swift; path = Product.swift; sourceTree = "<group>"; };
		DE7B20062C81CDB700290179 /* AddSupplierModal.swift */ = {isa = PBXFileReference; lastKnownFileType = sourcecode.swift; path = AddSupplierModal.swift; sourceTree = "<group>"; };
		DE7B200B2C81E01100290179 /* ProductListView.swift */ = {isa = PBXFileReference; lastKnownFileType = sourcecode.swift; path = ProductListView.swift; sourceTree = "<group>"; };
		DE7B200D2C81E10C00290179 /* AddProductModal.swift */ = {isa = PBXFileReference; lastKnownFileType = sourcecode.swift; path = AddProductModal.swift; sourceTree = "<group>"; };
		DE7B200F2C8224BA00290179 /* ProductCardComponent.swift */ = {isa = PBXFileReference; lastKnownFileType = sourcecode.swift; path = ProductCardComponent.swift; sourceTree = "<group>"; };
		DE7B20122C84BCBF00290179 /* PointOfSaleView.swift */ = {isa = PBXFileReference; lastKnownFileType = sourcecode.swift; path = PointOfSaleView.swift; sourceTree = "<group>"; };
		DE7B20142C84BEE000290179 /* ToolbarComponent.swift */ = {isa = PBXFileReference; lastKnownFileType = sourcecode.swift; path = ToolbarComponent.swift; sourceTree = "<group>"; };
		DE7B20162C8546EF00290179 /* MenuCardComponent.swift */ = {isa = PBXFileReference; lastKnownFileType = sourcecode.swift; path = MenuCardComponent.swift; sourceTree = "<group>"; };
		DE7B20182C8594E900290179 /* MenuListView.swift */ = {isa = PBXFileReference; lastKnownFileType = sourcecode.swift; path = MenuListView.swift; sourceTree = "<group>"; };
		DE7B201A2C85F47100290179 /* OrderItemsComponent.swift */ = {isa = PBXFileReference; lastKnownFileType = sourcecode.swift; path = OrderItemsComponent.swift; sourceTree = "<group>"; };
		DE7B201C2C85F66C00290179 /* OrderItem.swift */ = {isa = PBXFileReference; lastKnownFileType = sourcecode.swift; path = OrderItem.swift; sourceTree = "<group>"; };
		DE7B201E2C85F67E00290179 /* Order.swift */ = {isa = PBXFileReference; lastKnownFileType = sourcecode.swift; path = Order.swift; sourceTree = "<group>"; };
		DE7B20202C85F9B500290179 /* CurrentOrderView.swift */ = {isa = PBXFileReference; lastKnownFileType = sourcecode.swift; path = CurrentOrderView.swift; sourceTree = "<group>"; };
		DE7B20222C869A4C00290179 /* Transaction.swift */ = {isa = PBXFileReference; lastKnownFileType = sourcecode.swift; path = Transaction.swift; sourceTree = "<group>"; };
		DE7B20252C869D0300290179 /* TransactionHistoryView.swift */ = {isa = PBXFileReference; lastKnownFileType = sourcecode.swift; path = TransactionHistoryView.swift; sourceTree = "<group>"; };
		DE7B20272C86EB3300290179 /* PersistentOrder.swift */ = {isa = PBXFileReference; lastKnownFileType = sourcecode.swift; path = PersistentOrder.swift; sourceTree = "<group>"; };
		DE7B20292C86EB7200290179 /* PersistentOrderItem.swift */ = {isa = PBXFileReference; lastKnownFileType = sourcecode.swift; path = PersistentOrderItem.swift; sourceTree = "<group>"; };
		DE7B202C2C86EBD300290179 /* Order + PersistentData.swift */ = {isa = PBXFileReference; lastKnownFileType = sourcecode.swift; path = "Order + PersistentData.swift"; sourceTree = "<group>"; };
		DE7B202F2C8756BB00290179 /* AnalyticsView.swift */ = {isa = PBXFileReference; lastKnownFileType = sourcecode.swift; path = AnalyticsView.swift; sourceTree = "<group>"; };
		DE7B20312C87EA1900290179 /* Wallet.swift */ = {isa = PBXFileReference; lastKnownFileType = sourcecode.swift; path = Wallet.swift; sourceTree = "<group>"; };
		DE7B20332C883EA100290179 /* CashFlow.swift */ = {isa = PBXFileReference; lastKnownFileType = sourcecode.swift; path = CashFlow.swift; sourceTree = "<group>"; };
		DE7B20352C89DEE400290179 /* Seeder.swift */ = {isa = PBXFileReference; lastKnownFileType = sourcecode.swift; path = Seeder.swift; sourceTree = "<group>"; };
		DE7B20372C89E01900290179 /* Formatter.swift */ = {isa = PBXFileReference; lastKnownFileType = sourcecode.swift; path = Formatter.swift; sourceTree = "<group>"; };
		DEB5C12F2C81AB410096C8E7 /* ContinuityPointOfSale.app */ = {isa = PBXFileReference; explicitFileType = wrapper.application; includeInIndex = 0; path = ContinuityPointOfSale.app; sourceTree = BUILT_PRODUCTS_DIR; };
		DEB5C1322C81AB410096C8E7 /* ContinuityPointOfSaleApp.swift */ = {isa = PBXFileReference; lastKnownFileType = sourcecode.swift; path = ContinuityPointOfSaleApp.swift; sourceTree = "<group>"; };
		DEB5C1342C81AB410096C8E7 /* ContentView.swift */ = {isa = PBXFileReference; lastKnownFileType = sourcecode.swift; path = ContentView.swift; sourceTree = "<group>"; };
		DEB5C1362C81AB410096C8E7 /* Item.swift */ = {isa = PBXFileReference; lastKnownFileType = sourcecode.swift; path = Item.swift; sourceTree = "<group>"; };
		DEB5C1382C81AB430096C8E7 /* Assets.xcassets */ = {isa = PBXFileReference; lastKnownFileType = folder.assetcatalog; path = Assets.xcassets; sourceTree = "<group>"; };
		DEB5C13B2C81AB430096C8E7 /* Preview Assets.xcassets */ = {isa = PBXFileReference; lastKnownFileType = folder.assetcatalog; path = "Preview Assets.xcassets"; sourceTree = "<group>"; };
		DEB5C1422C81AD340096C8E7 /* Router.swift */ = {isa = PBXFileReference; lastKnownFileType = sourcecode.swift; path = Router.swift; sourceTree = "<group>"; };
/* End PBXFileReference section */

/* Begin PBXFrameworksBuildPhase section */
		DEB5C12C2C81AB410096C8E7 /* Frameworks */ = {
			isa = PBXFrameworksBuildPhase;
			buildActionMask = 2147483647;
			files = (
			);
			runOnlyForDeploymentPostprocessing = 0;
		};
/* End PBXFrameworksBuildPhase section */

/* Begin PBXGroup section */
		DE7B20032C81BFC700290179 /* Model */ = {
			isa = PBXGroup;
			children = (
				DE7B202B2C86EBB600290179 /* Util */,
				DE7B20012C81BFB000290179 /* Supplier.swift */,
				DE7B20042C81C03100290179 /* Product.swift */,
				DE7B201C2C85F66C00290179 /* OrderItem.swift */,
				DE7B201E2C85F67E00290179 /* Order.swift */,
				DE7B20222C869A4C00290179 /* Transaction.swift */,
				DE7B20272C86EB3300290179 /* PersistentOrder.swift */,
				DE7B20292C86EB7200290179 /* PersistentOrderItem.swift */,
				DE7B20312C87EA1900290179 /* Wallet.swift */,
				DE7B20332C883EA100290179 /* CashFlow.swift */,
			);
			path = Model;
			sourceTree = "<group>";
		};
		DE7B20082C81DFE900290179 /* View */ = {
			isa = PBXGroup;
			children = (
				DE7B20112C84BCAE00290179 /* PointOfSale */,
				DE7B200A2C81E00400290179 /* Product */,
				DE7B20092C81DFF500290179 /* Supplier */,
			);
			path = View;
			sourceTree = "<group>";
		};
		DE7B20092C81DFF500290179 /* Supplier */ = {
			isa = PBXGroup;
			children = (
				DE7B1FFF2C81BF8D00290179 /* SupplierListView.swift */,
				DE7B20062C81CDB700290179 /* AddSupplierModal.swift */,
			);
			path = Supplier;
			sourceTree = "<group>";
		};
		DE7B200A2C81E00400290179 /* Product */ = {
			isa = PBXGroup;
			children = (
				DE7B200B2C81E01100290179 /* ProductListView.swift */,
				DE7B200D2C81E10C00290179 /* AddProductModal.swift */,
				DE7B200F2C8224BA00290179 /* ProductCardComponent.swift */,
			);
			path = Product;
			sourceTree = "<group>";
		};
		DE7B20112C84BCAE00290179 /* PointOfSale */ = {
			isa = PBXGroup;
			children = (
				DE7B202E2C8756AC00290179 /* Analytics */,
				DE7B20242C869CF300290179 /* History */,
				DE7B20122C84BCBF00290179 /* PointOfSaleView.swift */,
				DE7B20142C84BEE000290179 /* ToolbarComponent.swift */,
				DE7B20162C8546EF00290179 /* MenuCardComponent.swift */,
				DE7B20182C8594E900290179 /* MenuListView.swift */,
				DE7B201A2C85F47100290179 /* OrderItemsComponent.swift */,
				DE7B20202C85F9B500290179 /* CurrentOrderView.swift */,
			);
			path = PointOfSale;
			sourceTree = "<group>";
		};
		DE7B20242C869CF300290179 /* History */ = {
			isa = PBXGroup;
			children = (
				DE7B20252C869D0300290179 /* TransactionHistoryView.swift */,
			);
			path = History;
			sourceTree = "<group>";
		};
		DE7B202B2C86EBB600290179 /* Util */ = {
			isa = PBXGroup;
			children = (
				DE7B202C2C86EBD300290179 /* Order + PersistentData.swift */,
				DE7B20352C89DEE400290179 /* Seeder.swift */,
				DE7B20372C89E01900290179 /* Formatter.swift */,
			);
			path = Util;
			sourceTree = "<group>";
		};
		DE7B202E2C8756AC00290179 /* Analytics */ = {
			isa = PBXGroup;
			children = (
				DE7B202F2C8756BB00290179 /* AnalyticsView.swift */,
			);
			path = Analytics;
			sourceTree = "<group>";
		};
		DEB5C1262C81AB410096C8E7 = {
			isa = PBXGroup;
			children = (
				DEB5C1312C81AB410096C8E7 /* ContinuityPointOfSale */,
				DEB5C1302C81AB410096C8E7 /* Products */,
			);
			sourceTree = "<group>";
		};
		DEB5C1302C81AB410096C8E7 /* Products */ = {
			isa = PBXGroup;
			children = (
				DEB5C12F2C81AB410096C8E7 /* ContinuityPointOfSale.app */,
			);
			name = Products;
			sourceTree = "<group>";
		};
		DEB5C1312C81AB410096C8E7 /* ContinuityPointOfSale */ = {
			isa = PBXGroup;
			children = (
				DE7B20082C81DFE900290179 /* View */,
				DE7B20032C81BFC700290179 /* Model */,
				DEB5C1322C81AB410096C8E7 /* ContinuityPointOfSaleApp.swift */,
				DEB5C1342C81AB410096C8E7 /* ContentView.swift */,
				DEB5C1362C81AB410096C8E7 /* Item.swift */,
				DEB5C1382C81AB430096C8E7 /* Assets.xcassets */,
				DEB5C13A2C81AB430096C8E7 /* Preview Content */,
				DEB5C1422C81AD340096C8E7 /* Router.swift */,
			);
			path = ContinuityPointOfSale;
			sourceTree = "<group>";
		};
		DEB5C13A2C81AB430096C8E7 /* Preview Content */ = {
			isa = PBXGroup;
			children = (
				DEB5C13B2C81AB430096C8E7 /* Preview Assets.xcassets */,
			);
			path = "Preview Content";
			sourceTree = "<group>";
		};
/* End PBXGroup section */

/* Begin PBXNativeTarget section */
		DEB5C12E2C81AB410096C8E7 /* ContinuityPointOfSale */ = {
			isa = PBXNativeTarget;
			buildConfigurationList = DEB5C13F2C81AB430096C8E7 /* Build configuration list for PBXNativeTarget "ContinuityPointOfSale" */;
			buildPhases = (
				DEB5C12B2C81AB410096C8E7 /* Sources */,
				DEB5C12C2C81AB410096C8E7 /* Frameworks */,
				DEB5C12D2C81AB410096C8E7 /* Resources */,
			);
			buildRules = (
			);
			dependencies = (
			);
			name = ContinuityPointOfSale;
			productName = ContinuityPointOfSale;
			productReference = DEB5C12F2C81AB410096C8E7 /* ContinuityPointOfSale.app */;
			productType = "com.apple.product-type.application";
		};
/* End PBXNativeTarget section */

/* Begin PBXProject section */
		DEB5C1272C81AB410096C8E7 /* Project object */ = {
			isa = PBXProject;
			attributes = {
				BuildIndependentTargetsInParallel = 1;
				LastSwiftUpdateCheck = 1540;
				LastUpgradeCheck = 1540;
				TargetAttributes = {
					DEB5C12E2C81AB410096C8E7 = {
						CreatedOnToolsVersion = 15.4;
					};
				};
			};
			buildConfigurationList = DEB5C12A2C81AB410096C8E7 /* Build configuration list for PBXProject "ContinuityPointOfSale" */;
			compatibilityVersion = "Xcode 14.0";
			developmentRegion = en;
			hasScannedForEncodings = 0;
			knownRegions = (
				en,
				Base,
			);
			mainGroup = DEB5C1262C81AB410096C8E7;
			productRefGroup = DEB5C1302C81AB410096C8E7 /* Products */;
			projectDirPath = "";
			projectRoot = "";
			targets = (
				DEB5C12E2C81AB410096C8E7 /* ContinuityPointOfSale */,
			);
		};
/* End PBXProject section */

/* Begin PBXResourcesBuildPhase section */
		DEB5C12D2C81AB410096C8E7 /* Resources */ = {
			isa = PBXResourcesBuildPhase;
			buildActionMask = 2147483647;
			files = (
				DEB5C13C2C81AB430096C8E7 /* Preview Assets.xcassets in Resources */,
				DEB5C1392C81AB430096C8E7 /* Assets.xcassets in Resources */,
			);
			runOnlyForDeploymentPostprocessing = 0;
		};
/* End PBXResourcesBuildPhase section */

/* Begin PBXSourcesBuildPhase section */
		DEB5C12B2C81AB410096C8E7 /* Sources */ = {
			isa = PBXSourcesBuildPhase;
			buildActionMask = 2147483647;
			files = (
				DE7B20322C87EA1900290179 /* Wallet.swift in Sources */,
				DEB5C1432C81AD340096C8E7 /* Router.swift in Sources */,
				DE7B202A2C86EB7200290179 /* PersistentOrderItem.swift in Sources */,
				DE7B200E2C81E10C00290179 /* AddProductModal.swift in Sources */,
				DE7B20022C81BFB000290179 /* Supplier.swift in Sources */,
				DE7B20282C86EB3300290179 /* PersistentOrder.swift in Sources */,
				DE7B20002C81BF8D00290179 /* SupplierListView.swift in Sources */,
				DE7B20172C8546EF00290179 /* MenuCardComponent.swift in Sources */,
				DE7B201B2C85F47100290179 /* OrderItemsComponent.swift in Sources */,
				DE7B20072C81CDB700290179 /* AddSupplierModal.swift in Sources */,
				DE7B20262C869D0300290179 /* TransactionHistoryView.swift in Sources */,
				DE7B20382C89E01900290179 /* Formatter.swift in Sources */,
				DE7B20362C89DEE400290179 /* Seeder.swift in Sources */,
				DE7B20192C8594E900290179 /* MenuListView.swift in Sources */,
				DE7B20212C85F9B500290179 /* CurrentOrderView.swift in Sources */,
				DEB5C1352C81AB410096C8E7 /* ContentView.swift in Sources */,
				DE7B20342C883EA100290179 /* CashFlow.swift in Sources */,
				DE7B20302C8756BB00290179 /* AnalyticsView.swift in Sources */,
				DEB5C1372C81AB410096C8E7 /* Item.swift in Sources */,
				DE7B20102C8224BA00290179 /* ProductCardComponent.swift in Sources */,
				DE7B200C2C81E01100290179 /* ProductListView.swift in Sources */,
				DE7B201F2C85F67E00290179 /* Order.swift in Sources */,
				DE7B202D2C86EBD300290179 /* Order + PersistentData.swift in Sources */,
				DE7B20232C869A4C00290179 /* Transaction.swift in Sources */,
				DE7B20132C84BCBF00290179 /* PointOfSaleView.swift in Sources */,
				DEB5C1332C81AB410096C8E7 /* ContinuityPointOfSaleApp.swift in Sources */,
				DE7B20152C84BEE000290179 /* ToolbarComponent.swift in Sources */,
				DE7B20052C81C03100290179 /* Product.swift in Sources */,
				DE7B201D2C85F66C00290179 /* OrderItem.swift in Sources */,
			);
			runOnlyForDeploymentPostprocessing = 0;
		};
/* End PBXSourcesBuildPhase section */

/* Begin XCBuildConfiguration section */
		DEB5C13D2C81AB430096C8E7 /* Debug */ = {
			isa = XCBuildConfiguration;
			buildSettings = {
				ALWAYS_SEARCH_USER_PATHS = NO;
				ASSETCATALOG_COMPILER_GENERATE_SWIFT_ASSET_SYMBOL_EXTENSIONS = YES;
				CLANG_ANALYZER_NONNULL = YES;
				CLANG_ANALYZER_NUMBER_OBJECT_CONVERSION = YES_AGGRESSIVE;
				CLANG_CXX_LANGUAGE_STANDARD = "gnu++20";
				CLANG_ENABLE_MODULES = YES;
				CLANG_ENABLE_OBJC_ARC = YES;
				CLANG_ENABLE_OBJC_WEAK = YES;
				CLANG_WARN_BLOCK_CAPTURE_AUTORELEASING = YES;
				CLANG_WARN_BOOL_CONVERSION = YES;
				CLANG_WARN_COMMA = YES;
				CLANG_WARN_CONSTANT_CONVERSION = YES;
				CLANG_WARN_DEPRECATED_OBJC_IMPLEMENTATIONS = YES;
				CLANG_WARN_DIRECT_OBJC_ISA_USAGE = YES_ERROR;
				CLANG_WARN_DOCUMENTATION_COMMENTS = YES;
				CLANG_WARN_EMPTY_BODY = YES;
				CLANG_WARN_ENUM_CONVERSION = YES;
				CLANG_WARN_INFINITE_RECURSION = YES;
				CLANG_WARN_INT_CONVERSION = YES;
				CLANG_WARN_NON_LITERAL_NULL_CONVERSION = YES;
				CLANG_WARN_OBJC_IMPLICIT_RETAIN_SELF = YES;
				CLANG_WARN_OBJC_LITERAL_CONVERSION = YES;
				CLANG_WARN_OBJC_ROOT_CLASS = YES_ERROR;
				CLANG_WARN_QUOTED_INCLUDE_IN_FRAMEWORK_HEADER = YES;
				CLANG_WARN_RANGE_LOOP_ANALYSIS = YES;
				CLANG_WARN_STRICT_PROTOTYPES = YES;
				CLANG_WARN_SUSPICIOUS_MOVE = YES;
				CLANG_WARN_UNGUARDED_AVAILABILITY = YES_AGGRESSIVE;
				CLANG_WARN_UNREACHABLE_CODE = YES;
				CLANG_WARN__DUPLICATE_METHOD_MATCH = YES;
				COPY_PHASE_STRIP = NO;
				DEBUG_INFORMATION_FORMAT = dwarf;
				ENABLE_STRICT_OBJC_MSGSEND = YES;
				ENABLE_TESTABILITY = YES;
				ENABLE_USER_SCRIPT_SANDBOXING = YES;
				GCC_C_LANGUAGE_STANDARD = gnu17;
				GCC_DYNAMIC_NO_PIC = NO;
				GCC_NO_COMMON_BLOCKS = YES;
				GCC_OPTIMIZATION_LEVEL = 0;
				GCC_PREPROCESSOR_DEFINITIONS = (
					"DEBUG=1",
					"$(inherited)",
				);
				GCC_WARN_64_TO_32_BIT_CONVERSION = YES;
				GCC_WARN_ABOUT_RETURN_TYPE = YES_ERROR;
				GCC_WARN_UNDECLARED_SELECTOR = YES;
				GCC_WARN_UNINITIALIZED_AUTOS = YES_AGGRESSIVE;
				GCC_WARN_UNUSED_FUNCTION = YES;
				GCC_WARN_UNUSED_VARIABLE = YES;
				IPHONEOS_DEPLOYMENT_TARGET = 17.5;
				LOCALIZATION_PREFERS_STRING_CATALOGS = YES;
				MTL_ENABLE_DEBUG_INFO = INCLUDE_SOURCE;
				MTL_FAST_MATH = YES;
				ONLY_ACTIVE_ARCH = YES;
				SDKROOT = iphoneos;
				SWIFT_ACTIVE_COMPILATION_CONDITIONS = "DEBUG $(inherited)";
				SWIFT_OPTIMIZATION_LEVEL = "-Onone";
			};
			name = Debug;
		};
		DEB5C13E2C81AB430096C8E7 /* Release */ = {
			isa = XCBuildConfiguration;
			buildSettings = {
				ALWAYS_SEARCH_USER_PATHS = NO;
				ASSETCATALOG_COMPILER_GENERATE_SWIFT_ASSET_SYMBOL_EXTENSIONS = YES;
				CLANG_ANALYZER_NONNULL = YES;
				CLANG_ANALYZER_NUMBER_OBJECT_CONVERSION = YES_AGGRESSIVE;
				CLANG_CXX_LANGUAGE_STANDARD = "gnu++20";
				CLANG_ENABLE_MODULES = YES;
				CLANG_ENABLE_OBJC_ARC = YES;
				CLANG_ENABLE_OBJC_WEAK = YES;
				CLANG_WARN_BLOCK_CAPTURE_AUTORELEASING = YES;
				CLANG_WARN_BOOL_CONVERSION = YES;
				CLANG_WARN_COMMA = YES;
				CLANG_WARN_CONSTANT_CONVERSION = YES;
				CLANG_WARN_DEPRECATED_OBJC_IMPLEMENTATIONS = YES;
				CLANG_WARN_DIRECT_OBJC_ISA_USAGE = YES_ERROR;
				CLANG_WARN_DOCUMENTATION_COMMENTS = YES;
				CLANG_WARN_EMPTY_BODY = YES;
				CLANG_WARN_ENUM_CONVERSION = YES;
				CLANG_WARN_INFINITE_RECURSION = YES;
				CLANG_WARN_INT_CONVERSION = YES;
				CLANG_WARN_NON_LITERAL_NULL_CONVERSION = YES;
				CLANG_WARN_OBJC_IMPLICIT_RETAIN_SELF = YES;
				CLANG_WARN_OBJC_LITERAL_CONVERSION = YES;
				CLANG_WARN_OBJC_ROOT_CLASS = YES_ERROR;
				CLANG_WARN_QUOTED_INCLUDE_IN_FRAMEWORK_HEADER = YES;
				CLANG_WARN_RANGE_LOOP_ANALYSIS = YES;
				CLANG_WARN_STRICT_PROTOTYPES = YES;
				CLANG_WARN_SUSPICIOUS_MOVE = YES;
				CLANG_WARN_UNGUARDED_AVAILABILITY = YES_AGGRESSIVE;
				CLANG_WARN_UNREACHABLE_CODE = YES;
				CLANG_WARN__DUPLICATE_METHOD_MATCH = YES;
				COPY_PHASE_STRIP = NO;
				DEBUG_INFORMATION_FORMAT = "dwarf-with-dsym";
				ENABLE_NS_ASSERTIONS = NO;
				ENABLE_STRICT_OBJC_MSGSEND = YES;
				ENABLE_USER_SCRIPT_SANDBOXING = YES;
				GCC_C_LANGUAGE_STANDARD = gnu17;
				GCC_NO_COMMON_BLOCKS = YES;
				GCC_WARN_64_TO_32_BIT_CONVERSION = YES;
				GCC_WARN_ABOUT_RETURN_TYPE = YES_ERROR;
				GCC_WARN_UNDECLARED_SELECTOR = YES;
				GCC_WARN_UNINITIALIZED_AUTOS = YES_AGGRESSIVE;
				GCC_WARN_UNUSED_FUNCTION = YES;
				GCC_WARN_UNUSED_VARIABLE = YES;
				IPHONEOS_DEPLOYMENT_TARGET = 17.5;
				LOCALIZATION_PREFERS_STRING_CATALOGS = YES;
				MTL_ENABLE_DEBUG_INFO = NO;
				MTL_FAST_MATH = YES;
				SDKROOT = iphoneos;
				SWIFT_COMPILATION_MODE = wholemodule;
				VALIDATE_PRODUCT = YES;
			};
			name = Release;
		};
		DEB5C1402C81AB430096C8E7 /* Debug */ = {
			isa = XCBuildConfiguration;
			buildSettings = {
				ASSETCATALOG_COMPILER_APPICON_NAME = AppIcon;
				ASSETCATALOG_COMPILER_GLOBAL_ACCENT_COLOR_NAME = AccentColor;
				CODE_SIGN_STYLE = Automatic;
				CURRENT_PROJECT_VERSION = 1;
				DEVELOPMENT_ASSET_PATHS = "\"ContinuityPointOfSale/Preview Content\"";
				DEVELOPMENT_TEAM = DJFUU6576B;
				ENABLE_PREVIEWS = YES;
				GENERATE_INFOPLIST_FILE = YES;
				INFOPLIST_KEY_UIApplicationSceneManifest_Generation = YES;
				INFOPLIST_KEY_UIApplicationSupportsIndirectInputEvents = YES;
				INFOPLIST_KEY_UILaunchScreen_Generation = YES;
				INFOPLIST_KEY_UISupportedInterfaceOrientations = "UIInterfaceOrientationLandscapeLeft UIInterfaceOrientationLandscapeRight UIInterfaceOrientationPortrait";
				INFOPLIST_KEY_UISupportedInterfaceOrientations_iPad = UIInterfaceOrientationLandscapeRight;
				LD_RUNPATH_SEARCH_PATHS = (
					"$(inherited)",
					"@executable_path/Frameworks",
				);
				MARKETING_VERSION = 1.0;
				PRODUCT_BUNDLE_IDENTIFIER = me.sim.liefran.ContinuityPointOfSale;
				PRODUCT_NAME = "$(TARGET_NAME)";
				SUPPORTED_PLATFORMS = "iphoneos iphonesimulator";
				SUPPORTS_MACCATALYST = NO;
				SUPPORTS_MAC_DESIGNED_FOR_IPHONE_IPAD = NO;
				SUPPORTS_XR_DESIGNED_FOR_IPHONE_IPAD = NO;
				SWIFT_EMIT_LOC_STRINGS = YES;
				SWIFT_VERSION = 5.0;
				TARGETED_DEVICE_FAMILY = 2;
			};
			name = Debug;
		};
		DEB5C1412C81AB430096C8E7 /* Release */ = {
			isa = XCBuildConfiguration;
			buildSettings = {
				ASSETCATALOG_COMPILER_APPICON_NAME = AppIcon;
				ASSETCATALOG_COMPILER_GLOBAL_ACCENT_COLOR_NAME = AccentColor;
				CODE_SIGN_STYLE = Automatic;
				CURRENT_PROJECT_VERSION = 1;
				DEVELOPMENT_ASSET_PATHS = "\"ContinuityPointOfSale/Preview Content\"";
				DEVELOPMENT_TEAM = DJFUU6576B;
				ENABLE_PREVIEWS = YES;
				GENERATE_INFOPLIST_FILE = YES;
				INFOPLIST_KEY_UIApplicationSceneManifest_Generation = YES;
				INFOPLIST_KEY_UIApplicationSupportsIndirectInputEvents = YES;
				INFOPLIST_KEY_UILaunchScreen_Generation = YES;
				INFOPLIST_KEY_UISupportedInterfaceOrientations = "UIInterfaceOrientationLandscapeLeft UIInterfaceOrientationLandscapeRight UIInterfaceOrientationPortrait";
				INFOPLIST_KEY_UISupportedInterfaceOrientations_iPad = UIInterfaceOrientationLandscapeRight;
				LD_RUNPATH_SEARCH_PATHS = (
					"$(inherited)",
					"@executable_path/Frameworks",
				);
				MARKETING_VERSION = 1.0;
				PRODUCT_BUNDLE_IDENTIFIER = me.sim.liefran.ContinuityPointOfSale;
				PRODUCT_NAME = "$(TARGET_NAME)";
				SUPPORTED_PLATFORMS = "iphoneos iphonesimulator";
				SUPPORTS_MACCATALYST = NO;
				SUPPORTS_MAC_DESIGNED_FOR_IPHONE_IPAD = NO;
				SUPPORTS_XR_DESIGNED_FOR_IPHONE_IPAD = NO;
				SWIFT_EMIT_LOC_STRINGS = YES;
				SWIFT_VERSION = 5.0;
				TARGETED_DEVICE_FAMILY = 2;
			};
			name = Release;
		};
/* End XCBuildConfiguration section */

/* Begin XCConfigurationList section */
		DEB5C12A2C81AB410096C8E7 /* Build configuration list for PBXProject "ContinuityPointOfSale" */ = {
			isa = XCConfigurationList;
			buildConfigurations = (
				DEB5C13D2C81AB430096C8E7 /* Debug */,
				DEB5C13E2C81AB430096C8E7 /* Release */,
			);
			defaultConfigurationIsVisible = 0;
			defaultConfigurationName = Release;
		};
		DEB5C13F2C81AB430096C8E7 /* Build configuration list for PBXNativeTarget "ContinuityPointOfSale" */ = {
			isa = XCConfigurationList;
			buildConfigurations = (
				DEB5C1402C81AB430096C8E7 /* Debug */,
				DEB5C1412C81AB430096C8E7 /* Release */,
			);
			defaultConfigurationIsVisible = 0;
			defaultConfigurationName = Release;
		};
/* End XCConfigurationList section */
	};
	rootObject = DEB5C1272C81AB410096C8E7 /* Project object */;
}
